
Microsoft Visual Studio Solution File, Format Version 12.00
# Visual Studio Version 16
VisualStudioVersion = 16.0.30804.86
MinimumVisualStudioVersion = 10.0.40219.1
Project("{2150E333-8FDC-42A3-9474-1A3956D46DE8}") = "src", "src", "{869A8CA3-DFB2-4F29-9AFF-FFAAFE283CC3}"
EndProject
Project("{2150E333-8FDC-42A3-9474-1A3956D46DE8}") = "Catalog", "Catalog", "{DC459681-78DE-465E-8772-646F0B534175}"
EndProject
Project("{9A19103F-16F7-4668-BE54-9A1E7A4F7556}") = "Catalog.Api", "src\Catalog\Catalog.Api\Catalog.Api.csproj", "{A8F2AE88-27AA-4905-9DE2-DCEBCBE3AC01}"
EndProject
Project("{E53339B2-1760-4266-BCC7-CA923CBCF16C}") = "docker-compose", "docker-compose.dcproj", "{5285DBDD-6174-4991-B976-5A1EFE0CFD7F}"
EndProject
Project("{2150E333-8FDC-42A3-9474-1A3956D46DE8}") = "Basket", "Basket", "{005FF281-FEAE-4C01-805E-4FC3F4C07B79}"
EndProject
Project("{9A19103F-16F7-4668-BE54-9A1E7A4F7556}") = "Basket.Api", "src\Basket\Basket.Api\Basket.Api.csproj", "{96458812-6FFF-4E5B-A47F-191018566CF7}"
EndProject
Project("{2150E333-8FDC-42A3-9474-1A3956D46DE8}") = "Common", "Common", "{DB1E58D0-F26F-4050-A4DF-264B168FAEDF}"
EndProject
Project("{9A19103F-16F7-4668-BE54-9A1E7A4F7556}") = "EventBusRabbitMq", "src\Common\EventBusRabbitMq\EventBusRabbitMq.csproj", "{2848C486-4FAD-44DA-898F-3C1BA2E92303}"
EndProject
Project("{2150E333-8FDC-42A3-9474-1A3956D46DE8}") = "Ordering", "Ordering", "{382A005E-D232-4AFB-9CBE-3736F84E720F}"
EndProject
Project("{9A19103F-16F7-4668-BE54-9A1E7A4F7556}") = "Ordering.Api", "src\Ordering\Ordering.Api\Ordering.Api.csproj", "{E51079DC-2047-44B2-AFA5-E6486261A5A1}"
EndProject
Project("{9A19103F-16F7-4668-BE54-9A1E7A4F7556}") = "Ordering.Core", "src\Ordering\Ordering.Core\Ordering.Core.csproj", "{2C8DEE0A-4981-4502-BC72-A243B36F7CB5}"
EndProject
Project("{9A19103F-16F7-4668-BE54-9A1E7A4F7556}") = "Ordering.Application", "src\Ordering\Ordering.Application\Ordering.Application.csproj", "{C4A5274C-32B2-425E-BF2F-1EA3DC629BB6}"
EndProject
Project("{9A19103F-16F7-4668-BE54-9A1E7A4F7556}") = "Ordering.Infrastructure", "src\Common\Ordering.Infrastructure\Ordering.Infrastructure.csproj", "{13D25127-2AF3-467A-A524-FD9D86162C24}"
EndProject
Project("{2150E333-8FDC-42A3-9474-1A3956D46DE8}") = "ApiGateway", "ApiGateway", "{C5DC4194-EB15-46F0-9DD5-6C21EE04CC5F}"
EndProject
Project("{9A19103F-16F7-4668-BE54-9A1E7A4F7556}") = "OcelotApiGateway", "src\ApiGateway\OcelotApiGateway\OcelotApiGateway.csproj", "{2A95B8E4-6832-4250-B6C0-834BE7D3B317}"
EndProject
Project("{2150E333-8FDC-42A3-9474-1A3956D46DE8}") = "WebApp", "WebApp", "{8547E8C5-70A3-493C-9572-8485A6071850}"
EndProject
Project("{9A19103F-16F7-4668-BE54-9A1E7A4F7556}") = "AspnetRunBasics", "src\WebApp\AspnetRunBasics\AspnetRunBasics.csproj", "{020839BB-F769-4F18-B67D-DF9250A993DD}"
EndProject
Global
	GlobalSection(SolutionConfigurationPlatforms) = preSolution
		Debug|Any CPU = Debug|Any CPU
		Release|Any CPU = Release|Any CPU
	EndGlobalSection
	GlobalSection(ProjectConfigurationPlatforms) = postSolution
		{A8F2AE88-27AA-4905-9DE2-DCEBCBE3AC01}.Debug|Any CPU.ActiveCfg = Debug|Any CPU
		{A8F2AE88-27AA-4905-9DE2-DCEBCBE3AC01}.Debug|Any CPU.Build.0 = Debug|Any CPU
		{A8F2AE88-27AA-4905-9DE2-DCEBCBE3AC01}.Release|Any CPU.ActiveCfg = Release|Any CPU
		{A8F2AE88-27AA-4905-9DE2-DCEBCBE3AC01}.Release|Any CPU.Build.0 = Release|Any CPU
		{5285DBDD-6174-4991-B976-5A1EFE0CFD7F}.Debug|Any CPU.ActiveCfg = Debug|Any CPU
		{5285DBDD-6174-4991-B976-5A1EFE0CFD7F}.Debug|Any CPU.Build.0 = Debug|Any CPU
		{5285DBDD-6174-4991-B976-5A1EFE0CFD7F}.Release|Any CPU.ActiveCfg = Release|Any CPU
		{5285DBDD-6174-4991-B976-5A1EFE0CFD7F}.Release|Any CPU.Build.0 = Release|Any CPU
		{96458812-6FFF-4E5B-A47F-191018566CF7}.Debug|Any CPU.ActiveCfg = Debug|Any CPU
		{96458812-6FFF-4E5B-A47F-191018566CF7}.Debug|Any CPU.Build.0 = Debug|Any CPU
		{96458812-6FFF-4E5B-A47F-191018566CF7}.Release|Any CPU.ActiveCfg = Release|Any CPU
		{96458812-6FFF-4E5B-A47F-191018566CF7}.Release|Any CPU.Build.0 = Release|Any CPU
		{2848C486-4FAD-44DA-898F-3C1BA2E92303}.Debug|Any CPU.ActiveCfg = Debug|Any CPU
		{2848C486-4FAD-44DA-898F-3C1BA2E92303}.Debug|Any CPU.Build.0 = Debug|Any CPU
		{2848C486-4FAD-44DA-898F-3C1BA2E92303}.Release|Any CPU.ActiveCfg = Release|Any CPU
		{2848C486-4FAD-44DA-898F-3C1BA2E92303}.Release|Any CPU.Build.0 = Release|Any CPU
		{E51079DC-2047-44B2-AFA5-E6486261A5A1}.Debug|Any CPU.ActiveCfg = Debug|Any CPU
		{E51079DC-2047-44B2-AFA5-E6486261A5A1}.Debug|Any CPU.Build.0 = Debug|Any CPU
		{E51079DC-2047-44B2-AFA5-E6486261A5A1}.Release|Any CPU.ActiveCfg = Release|Any CPU
		{E51079DC-2047-44B2-AFA5-E6486261A5A1}.Release|Any CPU.Build.0 = Release|Any CPU
		{2C8DEE0A-4981-4502-BC72-A243B36F7CB5}.Debug|Any CPU.ActiveCfg = Debug|Any CPU
		{2C8DEE0A-4981-4502-BC72-A243B36F7CB5}.Debug|Any CPU.Build.0 = Debug|Any CPU
		{2C8DEE0A-4981-4502-BC72-A243B36F7CB5}.Release|Any CPU.ActiveCfg = Release|Any CPU
		{2C8DEE0A-4981-4502-BC72-A243B36F7CB5}.Release|Any CPU.Build.0 = Release|Any CPU
		{C4A5274C-32B2-425E-BF2F-1EA3DC629BB6}.Debug|Any CPU.ActiveCfg = Debug|Any CPU
		{C4A5274C-32B2-425E-BF2F-1EA3DC629BB6}.Debug|Any CPU.Build.0 = Debug|Any CPU
		{C4A5274C-32B2-425E-BF2F-1EA3DC629BB6}.Release|Any CPU.ActiveCfg = Release|Any CPU
		{C4A5274C-32B2-425E-BF2F-1EA3DC629BB6}.Release|Any CPU.Build.0 = Release|Any CPU
		{13D25127-2AF3-467A-A524-FD9D86162C24}.Debug|Any CPU.ActiveCfg = Debug|Any CPU
		{13D25127-2AF3-467A-A524-FD9D86162C24}.Debug|Any CPU.Build.0 = Debug|Any CPU
		{13D25127-2AF3-467A-A524-FD9D86162C24}.Release|Any CPU.ActiveCfg = Release|Any CPU
		{13D25127-2AF3-467A-A524-FD9D86162C24}.Release|Any CPU.Build.0 = Release|Any CPU
		{2A95B8E4-6832-4250-B6C0-834BE7D3B317}.Debug|Any CPU.ActiveCfg = Debug|Any CPU
		{2A95B8E4-6832-4250-B6C0-834BE7D3B317}.Debug|Any CPU.Build.0 = Debug|Any CPU
		{2A95B8E4-6832-4250-B6C0-834BE7D3B317}.Release|Any CPU.ActiveCfg = Release|Any CPU
		{2A95B8E4-6832-4250-B6C0-834BE7D3B317}.Release|Any CPU.Build.0 = Release|Any CPU
		{020839BB-F769-4F18-B67D-DF9250A993DD}.Debug|Any CPU.ActiveCfg = Debug|Any CPU
		{020839BB-F769-4F18-B67D-DF9250A993DD}.Debug|Any CPU.Build.0 = Debug|Any CPU
		{020839BB-F769-4F18-B67D-DF9250A993DD}.Release|Any CPU.ActiveCfg = Release|Any CPU
		{020839BB-F769-4F18-B67D-DF9250A993DD}.Release|Any CPU.Build.0 = Release|Any CPU
	EndGlobalSection
	GlobalSection(SolutionProperties) = preSolution
		HideSolutionNode = FALSE
	EndGlobalSection
	GlobalSection(NestedProjects) = preSolution
		{DC459681-78DE-465E-8772-646F0B534175} = {869A8CA3-DFB2-4F29-9AFF-FFAAFE283CC3}
		{A8F2AE88-27AA-4905-9DE2-DCEBCBE3AC01} = {DC459681-78DE-465E-8772-646F0B534175}
		{005FF281-FEAE-4C01-805E-4FC3F4C07B79} = {869A8CA3-DFB2-4F29-9AFF-FFAAFE283CC3}
		{96458812-6FFF-4E5B-A47F-191018566CF7} = {005FF281-FEAE-4C01-805E-4FC3F4C07B79}
		{DB1E58D0-F26F-4050-A4DF-264B168FAEDF} = {869A8CA3-DFB2-4F29-9AFF-FFAAFE283CC3}
		{2848C486-4FAD-44DA-898F-3C1BA2E92303} = {DB1E58D0-F26F-4050-A4DF-264B168FAEDF}
		{382A005E-D232-4AFB-9CBE-3736F84E720F} = {869A8CA3-DFB2-4F29-9AFF-FFAAFE283CC3}
		{E51079DC-2047-44B2-AFA5-E6486261A5A1} = {382A005E-D232-4AFB-9CBE-3736F84E720F}
		{2C8DEE0A-4981-4502-BC72-A243B36F7CB5} = {382A005E-D232-4AFB-9CBE-3736F84E720F}
		{C4A5274C-32B2-425E-BF2F-1EA3DC629BB6} = {382A005E-D232-4AFB-9CBE-3736F84E720F}
		{13D25127-2AF3-467A-A524-FD9D86162C24} = {382A005E-D232-4AFB-9CBE-3736F84E720F}
		{C5DC4194-EB15-46F0-9DD5-6C21EE04CC5F} = {869A8CA3-DFB2-4F29-9AFF-FFAAFE283CC3}
		{2A95B8E4-6832-4250-B6C0-834BE7D3B317} = {C5DC4194-EB15-46F0-9DD5-6C21EE04CC5F}
		{8547E8C5-70A3-493C-9572-8485A6071850} = {869A8CA3-DFB2-4F29-9AFF-FFAAFE283CC3}
		{020839BB-F769-4F18-B67D-DF9250A993DD} = {8547E8C5-70A3-493C-9572-8485A6071850}
	EndGlobalSection
	GlobalSection(ExtensibilityGlobals) = postSolution
		SolutionGuid = {FDE9A3D7-6DE5-44A9-AAC4-BB45D8403E9E}
	EndGlobalSection
EndGlobal
